// !$*UTF8*$!
{
	archiveVersion = 1;
	classes = {
	};
	objectVersion = 55;
	objects = {

/* Begin PBXBuildFile section */
		FF40ACB228AE6B4A00329DAC /* PlaceholderAPI_CombineApp.swift in Sources */ = {isa = PBXBuildFile; fileRef = FF40ACB128AE6B4A00329DAC /* PlaceholderAPI_CombineApp.swift */; };
		FF40ACB428AE6B4A00329DAC /* ContentView.swift in Sources */ = {isa = PBXBuildFile; fileRef = FF40ACB328AE6B4A00329DAC /* ContentView.swift */; };
		FF40ACB628AE6B4B00329DAC /* Assets.xcassets in Resources */ = {isa = PBXBuildFile; fileRef = FF40ACB528AE6B4B00329DAC /* Assets.xcassets */; };
		FF40ACB928AE6B4B00329DAC /* Preview Assets.xcassets in Resources */ = {isa = PBXBuildFile; fileRef = FF40ACB828AE6B4B00329DAC /* Preview Assets.xcassets */; };
		FF40ACC328AE6B7A00329DAC /* PostModel.swift in Sources */ = {isa = PBXBuildFile; fileRef = FF40ACC228AE6B7A00329DAC /* PostModel.swift */; };
		FF40ACC528AE6B8500329DAC /* ViewModel.swift in Sources */ = {isa = PBXBuildFile; fileRef = FF40ACC428AE6B8500329DAC /* ViewModel.swift */; };
/* End PBXBuildFile section */

/* Begin PBXFileReference section */
		FF40ACAE28AE6B4A00329DAC /* PlaceholderAPI-Combine.app */ = {isa = PBXFileReference; explicitFileType = wrapper.application; includeInIndex = 0; path = "PlaceholderAPI-Combine.app"; sourceTree = BUILT_PRODUCTS_DIR; };
		FF40ACB128AE6B4A00329DAC /* PlaceholderAPI_CombineApp.swift */ = {isa = PBXFileReference; lastKnownFileType = sourcecode.swift; path = PlaceholderAPI_CombineApp.swift; sourceTree = "<group>"; };
		FF40ACB328AE6B4A00329DAC /* ContentView.swift */ = {isa = PBXFileReference; lastKnownFileType = sourcecode.swift; path = ContentView.swift; sourceTree = "<group>"; };
		FF40ACB528AE6B4B00329DAC /* Assets.xcassets */ = {isa = PBXFileReference; lastKnownFileType = folder.assetcatalog; path = Assets.xcassets; sourceTree = "<group>"; };
		FF40ACB828AE6B4B00329DAC /* Preview Assets.xcassets */ = {isa = PBXFileReference; lastKnownFileType = folder.assetcatalog; path = "Preview Assets.xcassets"; sourceTree = "<group>"; };
		FF40ACC228AE6B7A00329DAC /* PostModel.swift */ = {isa = PBXFileReference; lastKnownFileType = sourcecode.swift; path = PostModel.swift; sourceTree = "<group>"; };
		FF40ACC428AE6B8500329DAC /* ViewModel.swift */ = {isa = PBXFileReference; lastKnownFileType = sourcecode.swift; path = ViewModel.swift; sourceTree = "<group>"; };
/* End PBXFileReference section */

/* Begin PBXFrameworksBuildPhase section */
		FF40ACAB28AE6B4A00329DAC /* Frameworks */ = {
			isa = PBXFrameworksBuildPhase;
			buildActionMask = 2147483647;
			files = (
			);
			runOnlyForDeploymentPostprocessing = 0;
		};
/* End PBXFrameworksBuildPhase section */

/* Begin PBXGroup section */
		FF40ACA528AE6B4A00329DAC = {
			isa = PBXGroup;
			children = (
				FF40ACB028AE6B4A00329DAC /* PlaceholderAPI-Combine */,
				FF40ACAF28AE6B4A00329DAC /* Products */,
			);
			sourceTree = "<group>";
		};
		FF40ACAF28AE6B4A00329DAC /* Products */ = {
			isa = PBXGroup;
			children = (
				FF40ACAE28AE6B4A00329DAC /* PlaceholderAPI-Combine.app */,
			);
			name = Products;
			sourceTree = "<group>";
		};
		FF40ACB028AE6B4A00329DAC /* PlaceholderAPI-Combine */ = {
			isa = PBXGroup;
			children = (
				FF40ACC128AE6B6300329DAC /* View */,
				FF40ACC028AE6B5900329DAC /* Model */,
				FF40ACBF28AE6B5500329DAC /* ViewModel */,
				FF40ACB128AE6B4A00329DAC /* PlaceholderAPI_CombineApp.swift */,
				FF40ACB528AE6B4B00329DAC /* Assets.xcassets */,
				FF40ACB728AE6B4B00329DAC /* Preview Content */,
			);
			path = "PlaceholderAPI-Combine";
			sourceTree = "<group>";
		};
		FF40ACB728AE6B4B00329DAC /* Preview Content */ = {
			isa = PBXGroup;
			children = (
				FF40ACB828AE6B4B00329DAC /* Preview Assets.xcassets */,
			);
			path = "Preview Content";
			sourceTree = "<group>";
		};
		FF40ACBF28AE6B5500329DAC /* ViewModel */ = {
			isa = PBXGroup;
			children = (
				FF40ACC428AE6B8500329DAC /* ViewModel.swift */,
			);
			path = ViewModel;
			sourceTree = "<group>";
		};
		FF40ACC028AE6B5900329DAC /* Model */ = {
			isa = PBXGroup;
			children = (
				FF40ACC228AE6B7A00329DAC /* PostModel.swift */,
			);
			path = Model;
			sourceTree = "<group>";
		};
		FF40ACC128AE6B6300329DAC /* View */ = {
			isa = PBXGroup;
			children = (
				FF40ACB328AE6B4A00329DAC /* ContentView.swift */,
			);
			path = View;
			sourceTree = "<group>";
		};
/* End PBXGroup section */

/* Begin PBXNativeTarget section */
		FF40ACAD28AE6B4A00329DAC /* PlaceholderAPI-Combine */ = {
			isa = PBXNativeTarget;
			buildConfigurationList = FF40ACBC28AE6B4B00329DAC /* Build configuration list for PBXNativeTarget "PlaceholderAPI-Combine" */;
			buildPhases = (
				FF40ACAA28AE6B4A00329DAC /* Sources */,
				FF40ACAB28AE6B4A00329DAC /* Frameworks */,
				FF40ACAC28AE6B4A00329DAC /* Resources */,
			);
			buildRules = (
			);
			dependencies = (
			);
			name = "PlaceholderAPI-Combine";
			productName = "PlaceholderAPI-Combine";
			productReference = FF40ACAE28AE6B4A00329DAC /* PlaceholderAPI-Combine.app */;
			productType = "com.apple.product-type.application";
		};
/* End PBXNativeTarget section */

/* Begin PBXProject section */
		FF40ACA628AE6B4A00329DAC /* Project object */ = {
			isa = PBXProject;
			attributes = {
				BuildIndependentTargetsInParallel = 1;
				LastSwiftUpdateCheck = 1340;
				LastUpgradeCheck = 1340;
				TargetAttributes = {
					FF40ACAD28AE6B4A00329DAC = {
						CreatedOnToolsVersion = 13.4.1;
					};
				};
			};
			buildConfigurationList = FF40ACA928AE6B4A00329DAC /* Build configuration list for PBXProject "PlaceholderAPI-Combine" */;
			compatibilityVersion = "Xcode 13.0";
			developmentRegion = en;
			hasScannedForEncodings = 0;
			knownRegions = (
				en,
				Base,
			);
			mainGroup = FF40ACA528AE6B4A00329DAC;
			productRefGroup = FF40ACAF28AE6B4A00329DAC /* Products */;
			projectDirPath = "";
			projectRoot = "";
			targets = (
				FF40ACAD28AE6B4A00329DAC /* PlaceholderAPI-Combine */,
			);
		};
/* End PBXProject section */

/* Begin PBXResourcesBuildPhase section */
		FF40ACAC28AE6B4A00329DAC /* Resources */ = {
			isa = PBXResourcesBuildPhase;
			buildActionMask = 2147483647;
			files = (
				FF40ACB928AE6B4B00329DAC /* Preview Assets.xcassets in Resources */,
				FF40ACB628AE6B4B00329DAC /* Assets.xcassets in Resources */,
			);
			runOnlyForDeploymentPostprocessing = 0;
		};
/* End PBXResourcesBuildPhase section */

/* Begin PBXSourcesBuildPhase section */
		FF40ACAA28AE6B4A00329DAC /* Sources */ = {
			isa = PBXSourcesBuildPhase;
			buildActionMask = 2147483647;
			files = (
				FF40ACB428AE6B4A00329DAC /* ContentView.swift in Sources */,
				FF40ACC328AE6B7A00329DAC /* PostModel.swift in Sources */,
				FF40ACC528AE6B8500329DAC /* ViewModel.swift in Sources */,
				FF40ACB228AE6B4A00329DAC /* PlaceholderAPI_CombineApp.swift in Sources */,
			);
			runOnlyForDeploymentPostprocessing = 0;
		};
/* End PBXSourcesBuildPhase section */

/* Begin XCBuildConfiguration section */
		FF40ACBA28AE6B4B00329DAC /* Debug */ = {
			isa = XCBuildConfiguration;
			buildSettings = {
				ALWAYS_SEARCH_USER_PATHS = NO;
				CLANG_ANALYZER_NONNULL = YES;
				CLANG_ANALYZER_NUMBER_OBJECT_CONVERSION = YES_AGGRESSIVE;
				CLANG_CXX_LANGUAGE_STANDARD = "gnu++17";
				CLANG_ENABLE_MODULES = YES;
				CLANG_ENABLE_OBJC_ARC = YES;
				CLANG_ENABLE_OBJC_WEAK = YES;
				CLANG_WARN_BLOCK_CAPTURE_AUTORELEASING = YES;
				CLANG_WARN_BOOL_CONVERSION = YES;
				CLANG_WARN_COMMA = YES;
				CLANG_WARN_CONSTANT_CONVERSION = YES;
				CLANG_WARN_DEPRECATED_OBJC_IMPLEMENTATIONS = YES;
				CLANG_WARN_DIRECT_OBJC_ISA_USAGE = YES_ERROR;
				CLANG_WARN_DOCUMENTATION_COMMENTS = YES;
				CLANG_WARN_EMPTY_BODY = YES;
				CLANG_WARN_ENUM_CONVERSION = YES;
				CLANG_WARN_INFINITE_RECURSION = YES;
				CLANG_WARN_INT_CONVERSION = YES;
				CLANG_WARN_NON_LITERAL_NULL_CONVERSION = YES;
				CLANG_WARN_OBJC_IMPLICIT_RETAIN_SELF = YES;
				CLANG_WARN_OBJC_LITERAL_CONVERSION = YES;
				CLANG_WARN_OBJC_ROOT_CLASS = YES_ERROR;
				CLANG_WARN_QUOTED_INCLUDE_IN_FRAMEWORK_HEADER = YES;
				CLANG_WARN_RANGE_LOOP_ANALYSIS = YES;
				CLANG_WARN_STRICT_PROTOTYPES = YES;
				CLANG_WARN_SUSPICIOUS_MOVE = YES;
				CLANG_WARN_UNGUARDED_AVAILABILITY = YES_AGGRESSIVE;
				CLANG_WARN_UNREACHABLE_CODE = YES;
				CLANG_WARN__DUPLICATE_METHOD_MATCH = YES;
				COPY_PHASE_STRIP = NO;
				DEBUG_INFORMATION_FORMAT = dwarf;
				ENABLE_STRICT_OBJC_MSGSEND = YES;
				ENABLE_TESTABILITY = YES;
				GCC_C_LANGUAGE_STANDARD = gnu11;
				GCC_DYNAMIC_NO_PIC = NO;
				GCC_NO_COMMON_BLOCKS = YES;
				GCC_OPTIMIZATION_LEVEL = 0;
				GCC_PREPROCESSOR_DEFINITIONS = (
					"DEBUG=1",
					"$(inherited)",
				);
				GCC_WARN_64_TO_32_BIT_CONVERSION = YES;
				GCC_WARN_ABOUT_RETURN_TYPE = YES_ERROR;
				GCC_WARN_UNDECLARED_SELECTOR = YES;
				GCC_WARN_UNINITIALIZED_AUTOS = YES_AGGRESSIVE;
				GCC_WARN_UNUSED_FUNCTION = YES;
				GCC_WARN_UNUSED_VARIABLE = YES;
				IPHONEOS_DEPLOYMENT_TARGET = 15.5;
				MTL_ENABLE_DEBUG_INFO = INCLUDE_SOURCE;
				MTL_FAST_MATH = YES;
				ONLY_ACTIVE_ARCH = YES;
				SDKROOT = iphoneos;
				SWIFT_ACTIVE_COMPILATION_CONDITIONS = DEBUG;
				SWIFT_OPTIMIZATION_LEVEL = "-Onone";
			};
			name = Debug;
		};
		FF40ACBB28AE6B4B00329DAC /* Release */ = {
			isa = XCBuildConfiguration;
			buildSettings = {
				ALWAYS_SEARCH_USER_PATHS = NO;
				CLANG_ANALYZER_NONNULL = YES;
				CLANG_ANALYZER_NUMBER_OBJECT_CONVERSION = YES_AGGRESSIVE;
				CLANG_CXX_LANGUAGE_STANDARD = "gnu++17";
				CLANG_ENABLE_MODULES = YES;
				CLANG_ENABLE_OBJC_ARC = YES;
				CLANG_ENABLE_OBJC_WEAK = YES;
				CLANG_WARN_BLOCK_CAPTURE_AUTORELEASING = YES;
				CLANG_WARN_BOOL_CONVERSION = YES;
				CLANG_WARN_COMMA = YES;
				CLANG_WARN_CONSTANT_CONVERSION = YES;
				CLANG_WARN_DEPRECATED_OBJC_IMPLEMENTATIONS = YES;
				CLANG_WARN_DIRECT_OBJC_ISA_USAGE = YES_ERROR;
				CLANG_WARN_DOCUMENTATION_COMMENTS = YES;
				CLANG_WARN_EMPTY_BODY = YES;
				CLANG_WARN_ENUM_CONVERSION = YES;
				CLANG_WARN_INFINITE_RECURSION = YES;
				CLANG_WARN_INT_CONVERSION = YES;
				CLANG_WARN_NON_LITERAL_NULL_CONVERSION = YES;
				CLANG_WARN_OBJC_IMPLICIT_RETAIN_SELF = YES;
				CLANG_WARN_OBJC_LITERAL_CONVERSION = YES;
				CLANG_WARN_OBJC_ROOT_CLASS = YES_ERROR;
				CLANG_WARN_QUOTED_INCLUDE_IN_FRAMEWORK_HEADER = YES;
				CLANG_WARN_RANGE_LOOP_ANALYSIS = YES;
				CLANG_WARN_STRICT_PROTOTYPES = YES;
				CLANG_WARN_SUSPICIOUS_MOVE = YES;
				CLANG_WARN_UNGUARDED_AVAILABILITY = YES_AGGRESSIVE;
				CLANG_WARN_UNREACHABLE_CODE = YES;
				CLANG_WARN__DUPLICATE_METHOD_MATCH = YES;
				COPY_PHASE_STRIP = NO;
				DEBUG_INFORMATION_FORMAT = "dwarf-with-dsym";
				ENABLE_NS_ASSERTIONS = NO;
				ENABLE_STRICT_OBJC_MSGSEND = YES;
				GCC_C_LANGUAGE_STANDARD = gnu11;
				GCC_NO_COMMON_BLOCKS = YES;
				GCC_WARN_64_TO_32_BIT_CONVERSION = YES;
				GCC_WARN_ABOUT_RETURN_TYPE = YES_ERROR;
				GCC_WARN_UNDECLARED_SELECTOR = YES;
				GCC_WARN_UNINITIALIZED_AUTOS = YES_AGGRESSIVE;
				GCC_WARN_UNUSED_FUNCTION = YES;
				GCC_WARN_UNUSED_VARIABLE = YES;
				IPHONEOS_DEPLOYMENT_TARGET = 15.5;
				MTL_ENABLE_DEBUG_INFO = NO;
				MTL_FAST_MATH = YES;
				SDKROOT = iphoneos;
				SWIFT_COMPILATION_MODE = wholemodule;
				SWIFT_OPTIMIZATION_LEVEL = "-O";
				VALIDATE_PRODUCT = YES;
			};
			name = Release;
		};
		FF40ACBD28AE6B4B00329DAC /* Debug */ = {
			isa = XCBuildConfiguration;
			buildSettings = {
				ASSETCATALOG_COMPILER_APPICON_NAME = AppIcon;
				ASSETCATALOG_COMPILER_GLOBAL_ACCENT_COLOR_NAME = AccentColor;
				CODE_SIGN_STYLE = Automatic;
				CURRENT_PROJECT_VERSION = 1;
				DEVELOPMENT_ASSET_PATHS = "\"PlaceholderAPI-Combine/Preview Content\"";
				DEVELOPMENT_TEAM = M9MHSW8NNM;
				ENABLE_PREVIEWS = YES;
				GENERATE_INFOPLIST_FILE = YES;
				INFOPLIST_KEY_UIApplicationSceneManifest_Generation = YES;
				INFOPLIST_KEY_UIApplicationSupportsIndirectInputEvents = YES;
				INFOPLIST_KEY_UILaunchScreen_Generation = YES;
				INFOPLIST_KEY_UISupportedInterfaceOrientations_iPad = "UIInterfaceOrientationPortrait UIInterfaceOrientationPortraitUpsideDown UIInterfaceOrientationLandscapeLeft UIInterfaceOrientationLandscapeRight";
				INFOPLIST_KEY_UISupportedInterfaceOrientations_iPhone = "UIInterfaceOrientationPortrait UIInterfaceOrientationLandscapeLeft UIInterfaceOrientationLandscapeRight";
				LD_RUNPATH_SEARCH_PATHS = (
					"$(inherited)",
					"@executable_path/Frameworks",
				);
				MARKETING_VERSION = 1.0;
				PRODUCT_BUNDLE_IDENTIFIER = "kaan.PlaceholderAPI-Combine";
				PRODUCT_NAME = "$(TARGET_NAME)";
				SWIFT_EMIT_LOC_STRINGS = YES;
				SWIFT_VERSION = 5.0;
				TARGETED_DEVICE_FAMILY = "1,2";
			};
			name = Debug;
		};
		FF40ACBE28AE6B4B00329DAC /* Release */ = {
			isa = XCBuildConfiguration;
			buildSettings = {
				ASSETCATALOG_COMPILER_APPICON_NAME = AppIcon;
				ASSETCATALOG_COMPILER_GLOBAL_ACCENT_COLOR_NAME = AccentColor;
				CODE_SIGN_STYLE = Automatic;
				CURRENT_PROJECT_VERSION = 1;
				DEVELOPMENT_ASSET_PATHS = "\"PlaceholderAPI-Combine/Preview Content\"";
				DEVELOPMENT_TEAM = M9MHSW8NNM;
				ENABLE_PREVIEWS = YES;
				GENERATE_INFOPLIST_FILE = YES;
				INFOPLIST_KEY_UIApplicationSceneManifest_Generation = YES;
				INFOPLIST_KEY_UIApplicationSupportsIndirectInputEvents = YES;
				INFOPLIST_KEY_UILaunchScreen_Generation = YES;
				INFOPLIST_KEY_UISupportedInterfaceOrientations_iPad = "UIInterfaceOrientationPortrait UIInterfaceOrientationPortraitUpsideDown UIInterfaceOrientationLandscapeLeft UIInterfaceOrientationLandscapeRight";
				INFOPLIST_KEY_UISupportedInterfaceOrientations_iPhone = "UIInterfaceOrientationPortrait UIInterfaceOrientationLandscapeLeft UIInterfaceOrientationLandscapeRight";
				LD_RUNPATH_SEARCH_PATHS = (
					"$(inherited)",
					"@executable_path/Frameworks",
				);
				MARKETING_VERSION = 1.0;
				PRODUCT_BUNDLE_IDENTIFIER = "kaan.PlaceholderAPI-Combine";
				PRODUCT_NAME = "$(TARGET_NAME)";
				SWIFT_EMIT_LOC_STRINGS = YES;
				SWIFT_VERSION = 5.0;
				TARGETED_DEVICE_FAMILY = "1,2";
			};
			name = Release;
		};
/* End XCBuildConfiguration section */

/* Begin XCConfigurationList section */
		FF40ACA928AE6B4A00329DAC /* Build configuration list for PBXProject "PlaceholderAPI-Combine" */ = {
			isa = XCConfigurationList;
			buildConfigurations = (
				FF40ACBA28AE6B4B00329DAC /* Debug */,
				FF40ACBB28AE6B4B00329DAC /* Release */,
			);
			defaultConfigurationIsVisible = 0;
			defaultConfigurationName = Release;
		};
		FF40ACBC28AE6B4B00329DAC /* Build configuration list for PBXNativeTarget "PlaceholderAPI-Combine" */ = {
			isa = XCConfigurationList;
			buildConfigurations = (
				FF40ACBD28AE6B4B00329DAC /* Debug */,
				FF40ACBE28AE6B4B00329DAC /* Release */,
			);
			defaultConfigurationIsVisible = 0;
			defaultConfigurationName = Release;
		};
/* End XCConfigurationList section */
	};
	rootObject = FF40ACA628AE6B4A00329DAC /* Project object */;
}
